
Microsoft Visual Studio Solution File, Format Version 12.00
# Visual Studio Version 17
VisualStudioVersion = 17.9.34728.123
MinimumVisualStudioVersion = 10.0.40219.1
Project("{FAE04EC0-301F-11D3-BF4B-00C04F79EFBC}") = "TestProject1", "TestProject1\TestProject1.csproj", "{8E61EE65-D0A8-423B-920B-57FC08D7CF7B}"
EndProject
Global
	GlobalSection(SolutionConfigurationPlatforms) = preSolution
		Debug|Any CPU = Debug|Any CPU
		Release|Any CPU = Release|Any CPU
	EndGlobalSection
	GlobalSection(ProjectConfigurationPlatforms) = postSolution
		{8E61EE65-D0A8-423B-920B-57FC08D7CF7B}.Debug|Any CPU.ActiveCfg = Debug|Any CPU
		{8E61EE65-D0A8-423B-920B-57FC08D7CF7B}.Debug|Any CPU.Build.0 = Debug|Any CPU
		{8E61EE65-D0A8-423B-920B-57FC08D7CF7B}.Release|Any CPU.ActiveCfg = Release|Any CPU
		{8E61EE65-D0A8-423B-920B-57FC08D7CF7B}.Release|Any CPU.Build.0 = Release|Any CPU
	EndGlobalSection
	GlobalSection(SolutionProperties) = preSolution
		HideSolutionNode = FALSE
	EndGlobalSection
	GlobalSection(ExtensibilityGlobals) = postSolution
		SolutionGuid = {1E4DE14A-4C85-4DB3-B84C-D704A0E60A49}
	EndGlobalSection
EndGlobal
